
Microsoft Visual Studio Solution File, Format Version 12.00
# Visual Studio Version 17
VisualStudioVersion = 17.7.34024.191
MinimumVisualStudioVersion = 10.0.40219.1
Project("{FAE04EC0-301F-11D3-BF4B-00C04F79EFBC}") = "Exercise_1", "Exercise 1\Exercise_1.csproj", "{0A0A43BA-03F0-470F-BBBF-D906928E9107}"
EndProject
Project("{FAE04EC0-301F-11D3-BF4B-00C04F79EFBC}") = "Exercise_2", "Exercise_2\Exercise_2.csproj", "{54D0FCCE-170F-4281-992A-D5FE9460B742}"
EndProject
Project("{FAE04EC0-301F-11D3-BF4B-00C04F79EFBC}") = "Exercise_3", "Exercise_3\Exercise_3.csproj", "{ABC662E8-D7CD-429F-A90D-5EE21DFD8948}"
EndProject
Global
	GlobalSection(SolutionConfigurationPlatforms) = preSolution
		Debug|Any CPU = Debug|Any CPU
		Release|Any CPU = Release|Any CPU
	EndGlobalSection
	GlobalSection(ProjectConfigurationPlatforms) = postSolution
		{0A0A43BA-03F0-470F-BBBF-D906928E9107}.Debug|Any CPU.ActiveCfg = Debug|Any CPU
		{0A0A43BA-03F0-470F-BBBF-D906928E9107}.Debug|Any CPU.Build.0 = Debug|Any CPU
		{0A0A43BA-03F0-470F-BBBF-D906928E9107}.Release|Any CPU.ActiveCfg = Release|Any CPU
		{0A0A43BA-03F0-470F-BBBF-D906928E9107}.Release|Any CPU.Build.0 = Release|Any CPU
		{54D0FCCE-170F-4281-992A-D5FE9460B742}.Debug|Any CPU.ActiveCfg = Debug|Any CPU
		{54D0FCCE-170F-4281-992A-D5FE9460B742}.Debug|Any CPU.Build.0 = Debug|Any CPU
		{54D0FCCE-170F-4281-992A-D5FE9460B742}.Release|Any CPU.ActiveCfg = Release|Any CPU
		{54D0FCCE-170F-4281-992A-D5FE9460B742}.Release|Any CPU.Build.0 = Release|Any CPU
		{ABC662E8-D7CD-429F-A90D-5EE21DFD8948}.Debug|Any CPU.ActiveCfg = Debug|Any CPU
		{ABC662E8-D7CD-429F-A90D-5EE21DFD8948}.Debug|Any CPU.Build.0 = Debug|Any CPU
		{ABC662E8-D7CD-429F-A90D-5EE21DFD8948}.Release|Any CPU.ActiveCfg = Release|Any CPU
		{ABC662E8-D7CD-429F-A90D-5EE21DFD8948}.Release|Any CPU.Build.0 = Release|Any CPU
	EndGlobalSection
	GlobalSection(SolutionProperties) = preSolution
		HideSolutionNode = FALSE
	EndGlobalSection
	GlobalSection(ExtensibilityGlobals) = postSolution
		SolutionGuid = {98946917-CB5A-42E8-96E4-1CD948C9B461}
	EndGlobalSection
EndGlobal
