
Microsoft Visual Studio Solution File, Format Version 12.00
# Visual Studio Version 17
VisualStudioVersion = 17.6.33829.357
MinimumVisualStudioVersion = 10.0.40219.1
Project("{FAE04EC0-301F-11D3-BF4B-00C04F79EFBC}") = "Demo2", "Demo2.csproj", "{5E4B6C22-C4BE-4E85-B6F3-C33B43337C98}"
EndProject
Global
	GlobalSection(SolutionConfigurationPlatforms) = preSolution
		Debug|Any CPU = Debug|Any CPU
		Release|Any CPU = Release|Any CPU
	EndGlobalSection
	GlobalSection(ProjectConfigurationPlatforms) = postSolution
		{5E4B6C22-C4BE-4E85-B6F3-C33B43337C98}.Debug|Any CPU.ActiveCfg = Debug|Any CPU
		{5E4B6C22-C4BE-4E85-B6F3-C33B43337C98}.Debug|Any CPU.Build.0 = Debug|Any CPU
		{5E4B6C22-C4BE-4E85-B6F3-C33B43337C98}.Release|Any CPU.ActiveCfg = Release|Any CPU
		{5E4B6C22-C4BE-4E85-B6F3-C33B43337C98}.Release|Any CPU.Build.0 = Release|Any CPU
	EndGlobalSection
	GlobalSection(SolutionProperties) = preSolution
		HideSolutionNode = FALSE
	EndGlobalSection
	GlobalSection(ExtensibilityGlobals) = postSolution
		SolutionGuid = {4803067B-72BD-404E-A12E-2A0861EEB614}
	EndGlobalSection
EndGlobal
